
Microsoft Visual Studio Solution File, Format Version 12.00
# Visual Studio Version 16
VisualStudioVersion = 16.0.32228.343
MinimumVisualStudioVersion = 10.0.40219.1
Project("{FAE04EC0-301F-11D3-BF4B-00C04F79EFBC}") = "ASP.NET_MVC_CORE", "ASP.NET_MVC_CORE\ASP.NET_MVC_CORE.csproj", "{35417BD7-D06A-48EF-B77A-60C84B3BCB00}"
EndProject
Global
	GlobalSection(SolutionConfigurationPlatforms) = preSolution
		Debug|Any CPU = Debug|Any CPU
		Release|Any CPU = Release|Any CPU
	EndGlobalSection
	GlobalSection(ProjectConfigurationPlatforms) = postSolution
		{35417BD7-D06A-48EF-B77A-60C84B3BCB00}.Debug|Any CPU.ActiveCfg = Debug|Any CPU
		{35417BD7-D06A-48EF-B77A-60C84B3BCB00}.Debug|Any CPU.Build.0 = Debug|Any CPU
		{35417BD7-D06A-48EF-B77A-60C84B3BCB00}.Release|Any CPU.ActiveCfg = Release|Any CPU
		{35417BD7-D06A-48EF-B77A-60C84B3BCB00}.Release|Any CPU.Build.0 = Release|Any CPU
	EndGlobalSection
	GlobalSection(SolutionProperties) = preSolution
		HideSolutionNode = FALSE
	EndGlobalSection
	GlobalSection(ExtensibilityGlobals) = postSolution
		SolutionGuid = {EF0191B6-DDBC-4006-A795-3995A85AECD5}
	EndGlobalSection
EndGlobal
